
Microsoft Visual Studio Solution File, Format Version 12.00
# Visual Studio 15
VisualStudioVersion = 15.0.26124.0
MinimumVisualStudioVersion = 15.0.26124.0
Project("{FAE04EC0-301F-11D3-BF4B-00C04F79EFBC}") = "PizzaWorld.Client", "PizzaWorld.Client\PizzaWorld.Client.csproj", "{7BF7FB81-77E3-48C8-87B4-B5C573FEBA66}"
EndProject
Project("{FAE04EC0-301F-11D3-BF4B-00C04F79EFBC}") = "PizzaWorld.Domain", "PizzaWorld.Domain\PizzaWorld.Domain.csproj", "{B5A05179-5CEC-441F-B2F9-4575246275BA}"
EndProject
Project("{FAE04EC0-301F-11D3-BF4B-00C04F79EFBC}") = "PizzaWorld.Testing", "PizzaWorld.Testing\PizzaWorld.Testing.csproj", "{9ABC589A-0242-4E1B-B0CC-3FB3168257B3}"
EndProject
Global
	GlobalSection(SolutionConfigurationPlatforms) = preSolution
		Debug|Any CPU = Debug|Any CPU
		Debug|x64 = Debug|x64
		Debug|x86 = Debug|x86
		Release|Any CPU = Release|Any CPU
		Release|x64 = Release|x64
		Release|x86 = Release|x86
	EndGlobalSection
	GlobalSection(SolutionProperties) = preSolution
		HideSolutionNode = FALSE
	EndGlobalSection
	GlobalSection(ProjectConfigurationPlatforms) = postSolution
		{7BF7FB81-77E3-48C8-87B4-B5C573FEBA66}.Debug|Any CPU.ActiveCfg = Debug|Any CPU
		{7BF7FB81-77E3-48C8-87B4-B5C573FEBA66}.Debug|Any CPU.Build.0 = Debug|Any CPU
		{7BF7FB81-77E3-48C8-87B4-B5C573FEBA66}.Debug|x64.ActiveCfg = Debug|Any CPU
		{7BF7FB81-77E3-48C8-87B4-B5C573FEBA66}.Debug|x64.Build.0 = Debug|Any CPU
		{7BF7FB81-77E3-48C8-87B4-B5C573FEBA66}.Debug|x86.ActiveCfg = Debug|Any CPU
		{7BF7FB81-77E3-48C8-87B4-B5C573FEBA66}.Debug|x86.Build.0 = Debug|Any CPU
		{7BF7FB81-77E3-48C8-87B4-B5C573FEBA66}.Release|Any CPU.ActiveCfg = Release|Any CPU
		{7BF7FB81-77E3-48C8-87B4-B5C573FEBA66}.Release|Any CPU.Build.0 = Release|Any CPU
		{7BF7FB81-77E3-48C8-87B4-B5C573FEBA66}.Release|x64.ActiveCfg = Release|Any CPU
		{7BF7FB81-77E3-48C8-87B4-B5C573FEBA66}.Release|x64.Build.0 = Release|Any CPU
		{7BF7FB81-77E3-48C8-87B4-B5C573FEBA66}.Release|x86.ActiveCfg = Release|Any CPU
		{7BF7FB81-77E3-48C8-87B4-B5C573FEBA66}.Release|x86.Build.0 = Release|Any CPU
		{B5A05179-5CEC-441F-B2F9-4575246275BA}.Debug|Any CPU.ActiveCfg = Debug|Any CPU
		{B5A05179-5CEC-441F-B2F9-4575246275BA}.Debug|Any CPU.Build.0 = Debug|Any CPU
		{B5A05179-5CEC-441F-B2F9-4575246275BA}.Debug|x64.ActiveCfg = Debug|Any CPU
		{B5A05179-5CEC-441F-B2F9-4575246275BA}.Debug|x64.Build.0 = Debug|Any CPU
		{B5A05179-5CEC-441F-B2F9-4575246275BA}.Debug|x86.ActiveCfg = Debug|Any CPU
		{B5A05179-5CEC-441F-B2F9-4575246275BA}.Debug|x86.Build.0 = Debug|Any CPU
		{B5A05179-5CEC-441F-B2F9-4575246275BA}.Release|Any CPU.ActiveCfg = Release|Any CPU
		{B5A05179-5CEC-441F-B2F9-4575246275BA}.Release|Any CPU.Build.0 = Release|Any CPU
		{B5A05179-5CEC-441F-B2F9-4575246275BA}.Release|x64.ActiveCfg = Release|Any CPU
		{B5A05179-5CEC-441F-B2F9-4575246275BA}.Release|x64.Build.0 = Release|Any CPU
		{B5A05179-5CEC-441F-B2F9-4575246275BA}.Release|x86.ActiveCfg = Release|Any CPU
		{B5A05179-5CEC-441F-B2F9-4575246275BA}.Release|x86.Build.0 = Release|Any CPU
		{9ABC589A-0242-4E1B-B0CC-3FB3168257B3}.Debug|Any CPU.ActiveCfg = Debug|Any CPU
		{9ABC589A-0242-4E1B-B0CC-3FB3168257B3}.Debug|Any CPU.Build.0 = Debug|Any CPU
		{9ABC589A-0242-4E1B-B0CC-3FB3168257B3}.Debug|x64.ActiveCfg = Debug|Any CPU
		{9ABC589A-0242-4E1B-B0CC-3FB3168257B3}.Debug|x64.Build.0 = Debug|Any CPU
		{9ABC589A-0242-4E1B-B0CC-3FB3168257B3}.Debug|x86.ActiveCfg = Debug|Any CPU
		{9ABC589A-0242-4E1B-B0CC-3FB3168257B3}.Debug|x86.Build.0 = Debug|Any CPU
		{9ABC589A-0242-4E1B-B0CC-3FB3168257B3}.Release|Any CPU.ActiveCfg = Release|Any CPU
		{9ABC589A-0242-4E1B-B0CC-3FB3168257B3}.Release|Any CPU.Build.0 = Release|Any CPU
		{9ABC589A-0242-4E1B-B0CC-3FB3168257B3}.Release|x64.ActiveCfg = Release|Any CPU
		{9ABC589A-0242-4E1B-B0CC-3FB3168257B3}.Release|x64.Build.0 = Release|Any CPU
		{9ABC589A-0242-4E1B-B0CC-3FB3168257B3}.Release|x86.ActiveCfg = Release|Any CPU
		{9ABC589A-0242-4E1B-B0CC-3FB3168257B3}.Release|x86.Build.0 = Release|Any CPU
	EndGlobalSection
EndGlobal
